{
  "originHash" : "975a3dd6a73deeea4462b825758b8477cf2efc11a111d2b6ae39db5aa533d553",
  "pins" : [
    {
      "identity" : "swift-scrypt",
      "kind" : "remoteSourceControl",
      "location" : "https://github.com/greymass/swift-scrypt.git",
      "state" : {
        "branch" : "master",
        "revision" : "be61ddc3c1efb9cb35de251afa88f4897c6cc255"
      }
    }
  ],
  "version" : 3
}
